
Microsoft Visual Studio Solution File, Format Version 12.00
# Visual Studio 15
VisualStudioVersion = 15.0.27130.2010
MinimumVisualStudioVersion = 10.0.40219.1
Project("{888888A0-9F3D-457C-B088-3A5042F75D52}") = "RPiProgram1", "RPiProgram1.pyproj", "{18E702CC-0273-4FCF-BC63-CE4C415D1A02}"
EndProject
Global
	GlobalSection(SolutionConfigurationPlatforms) = preSolution
		Debug|Any CPU = Debug|Any CPU
		Release|Any CPU = Release|Any CPU
	EndGlobalSection
	GlobalSection(ProjectConfigurationPlatforms) = postSolution
		{18E702CC-0273-4FCF-BC63-CE4C415D1A02}.Debug|Any CPU.ActiveCfg = Debug|Any CPU
		{18E702CC-0273-4FCF-BC63-CE4C415D1A02}.Release|Any CPU.ActiveCfg = Release|Any CPU
	EndGlobalSection
	GlobalSection(SolutionProperties) = preSolution
		HideSolutionNode = FALSE
	EndGlobalSection
	GlobalSection(ExtensibilityGlobals) = postSolution
		SolutionGuid = {AA103CBB-DFF4-47DB-8A20-0C31783D632F}
	EndGlobalSection
EndGlobal
